// !$*UTF8*$!
{
	archiveVersion = 1;
	classes = {
	};
	objectVersion = 51;
	objects = {

/* Begin PBXBuildFile section */
		D14ACB45F82B103E91D85983 /* Pods_CoreStoreMonitorList.framework in Frameworks */ = {isa = PBXBuildFile; fileRef = 119468C68A8A558BDCF3E02D /* Pods_CoreStoreMonitorList.framework */; };
		E5C7E4A524F6A36A00871FD1 /* AppDelegate.swift in Sources */ = {isa = PBXBuildFile; fileRef = E5C7E4A424F6A36A00871FD1 /* AppDelegate.swift */; };
		E5C7E4A724F6A36A00871FD1 /* SceneDelegate.swift in Sources */ = {isa = PBXBuildFile; fileRef = E5C7E4A624F6A36A00871FD1 /* SceneDelegate.swift */; };
		E5C7E4A924F6A36A00871FD1 /* ViewController.swift in Sources */ = {isa = PBXBuildFile; fileRef = E5C7E4A824F6A36A00871FD1 /* ViewController.swift */; };
		E5C7E4AC24F6A36A00871FD1 /* Main.storyboard in Resources */ = {isa = PBXBuildFile; fileRef = E5C7E4AA24F6A36A00871FD1 /* Main.storyboard */; };
		E5C7E4AE24F6A36A00871FD1 /* ContentView.swift in Sources */ = {isa = PBXBuildFile; fileRef = E5C7E4AD24F6A36A00871FD1 /* ContentView.swift */; };
		E5C7E4B024F6A36B00871FD1 /* Assets.xcassets in Resources */ = {isa = PBXBuildFile; fileRef = E5C7E4AF24F6A36B00871FD1 /* Assets.xcassets */; };
		E5C7E4B324F6A36B00871FD1 /* LaunchScreen.storyboard in Resources */ = {isa = PBXBuildFile; fileRef = E5C7E4B124F6A36B00871FD1 /* LaunchScreen.storyboard */; };
		E5C7E4BC24F6A3EF00871FD1 /* Model.xcdatamodeld in Sources */ = {isa = PBXBuildFile; fileRef = E5C7E4BA24F6A3EF00871FD1 /* Model.xcdatamodeld */; };
/* End PBXBuildFile section */

/* Begin PBXFileReference section */
		119468C68A8A558BDCF3E02D /* Pods_CoreStoreMonitorList.framework */ = {isa = PBXFileReference; explicitFileType = wrapper.framework; includeInIndex = 0; path = Pods_CoreStoreMonitorList.framework; sourceTree = BUILT_PRODUCTS_DIR; };
		38297CF1D90A2D64A7716BA3 /* Pods-CoreStoreMonitorList.debug.xcconfig */ = {isa = PBXFileReference; includeInIndex = 1; lastKnownFileType = text.xcconfig; name = "Pods-CoreStoreMonitorList.debug.xcconfig"; path = "Target Support Files/Pods-CoreStoreMonitorList/Pods-CoreStoreMonitorList.debug.xcconfig"; sourceTree = "<group>"; };
		755803E71F84FDCD56C89D9D /* Pods-CoreStoreMonitorList.release.xcconfig */ = {isa = PBXFileReference; includeInIndex = 1; lastKnownFileType = text.xcconfig; name = "Pods-CoreStoreMonitorList.release.xcconfig"; path = "Target Support Files/Pods-CoreStoreMonitorList/Pods-CoreStoreMonitorList.release.xcconfig"; sourceTree = "<group>"; };
		E5C7E4A124F6A36A00871FD1 /* CoreStoreMonitorList.app */ = {isa = PBXFileReference; explicitFileType = wrapper.application; includeInIndex = 0; path = CoreStoreMonitorList.app; sourceTree = BUILT_PRODUCTS_DIR; };
		E5C7E4A424F6A36A00871FD1 /* AppDelegate.swift */ = {isa = PBXFileReference; lastKnownFileType = sourcecode.swift; path = AppDelegate.swift; sourceTree = "<group>"; };
		E5C7E4A624F6A36A00871FD1 /* SceneDelegate.swift */ = {isa = PBXFileReference; lastKnownFileType = sourcecode.swift; path = SceneDelegate.swift; sourceTree = "<group>"; };
		E5C7E4A824F6A36A00871FD1 /* ViewController.swift */ = {isa = PBXFileReference; lastKnownFileType = sourcecode.swift; path = ViewController.swift; sourceTree = "<group>"; };
		E5C7E4AB24F6A36A00871FD1 /* Base */ = {isa = PBXFileReference; lastKnownFileType = file.storyboard; name = Base; path = Base.lproj/Main.storyboard; sourceTree = "<group>"; };
		E5C7E4AD24F6A36A00871FD1 /* ContentView.swift */ = {isa = PBXFileReference; lastKnownFileType = sourcecode.swift; path = ContentView.swift; sourceTree = "<group>"; };
		E5C7E4AF24F6A36B00871FD1 /* Assets.xcassets */ = {isa = PBXFileReference; lastKnownFileType = folder.assetcatalog; path = Assets.xcassets; sourceTree = "<group>"; };
		E5C7E4B224F6A36B00871FD1 /* Base */ = {isa = PBXFileReference; lastKnownFileType = file.storyboard; name = Base; path = Base.lproj/LaunchScreen.storyboard; sourceTree = "<group>"; };
		E5C7E4B424F6A36B00871FD1 /* Info.plist */ = {isa = PBXFileReference; lastKnownFileType = text.plist.xml; path = Info.plist; sourceTree = "<group>"; };
		E5C7E4BB24F6A3EF00871FD1 /* Model.xcdatamodel */ = {isa = PBXFileReference; lastKnownFileType = wrapper.xcdatamodel; path = Model.xcdatamodel; sourceTree = "<group>"; };
/* End PBXFileReference section */

/* Begin PBXFrameworksBuildPhase section */
		E5C7E49E24F6A36A00871FD1 /* Frameworks */ = {
			isa = PBXFrameworksBuildPhase;
			buildActionMask = 2147483647;
			files = (
				D14ACB45F82B103E91D85983 /* Pods_CoreStoreMonitorList.framework in Frameworks */,
			);
			runOnlyForDeploymentPostprocessing = 0;
		};
/* End PBXFrameworksBuildPhase section */

/* Begin PBXGroup section */
		827941DFDCF6B1DBD0F0117C /* Pods */ = {
			isa = PBXGroup;
			children = (
				38297CF1D90A2D64A7716BA3 /* Pods-CoreStoreMonitorList.debug.xcconfig */,
				755803E71F84FDCD56C89D9D /* Pods-CoreStoreMonitorList.release.xcconfig */,
			);
			path = Pods;
			sourceTree = "<group>";
		};
		B904CE0E1D4DEC21CE3AFE41 /* Frameworks */ = {
			isa = PBXGroup;
			children = (
				119468C68A8A558BDCF3E02D /* Pods_CoreStoreMonitorList.framework */,
			);
			name = Frameworks;
			sourceTree = "<group>";
		};
		E5C7E49824F6A36A00871FD1 = {
			isa = PBXGroup;
			children = (
				E5C7E4A324F6A36A00871FD1 /* CoreStoreMonitorList */,
				E5C7E4A224F6A36A00871FD1 /* Products */,
				827941DFDCF6B1DBD0F0117C /* Pods */,
				B904CE0E1D4DEC21CE3AFE41 /* Frameworks */,
			);
			sourceTree = "<group>";
		};
		E5C7E4A224F6A36A00871FD1 /* Products */ = {
			isa = PBXGroup;
			children = (
				E5C7E4A124F6A36A00871FD1 /* CoreStoreMonitorList.app */,
			);
			name = Products;
			sourceTree = "<group>";
		};
		E5C7E4A324F6A36A00871FD1 /* CoreStoreMonitorList */ = {
			isa = PBXGroup;
			children = (
				E5C7E4A424F6A36A00871FD1 /* AppDelegate.swift */,
				E5C7E4A624F6A36A00871FD1 /* SceneDelegate.swift */,
				E5C7E4A824F6A36A00871FD1 /* ViewController.swift */,
				E5C7E4AA24F6A36A00871FD1 /* Main.storyboard */,
				E5C7E4AD24F6A36A00871FD1 /* ContentView.swift */,
				E5C7E4AF24F6A36B00871FD1 /* Assets.xcassets */,
				E5C7E4B124F6A36B00871FD1 /* LaunchScreen.storyboard */,
				E5C7E4B424F6A36B00871FD1 /* Info.plist */,
				E5C7E4BA24F6A3EF00871FD1 /* Model.xcdatamodeld */,
			);
			path = CoreStoreMonitorList;
			sourceTree = "<group>";
		};
/* End PBXGroup section */

/* Begin PBXNativeTarget section */
		E5C7E4A024F6A36A00871FD1 /* CoreStoreMonitorList */ = {
			isa = PBXNativeTarget;
			buildConfigurationList = E5C7E4B724F6A36B00871FD1 /* Build configuration list for PBXNativeTarget "CoreStoreMonitorList" */;
			buildPhases = (
				79DC7AB966E4B09468D15CD4 /* [CP] Check Pods Manifest.lock */,
				E5C7E49D24F6A36A00871FD1 /* Sources */,
				E5C7E49E24F6A36A00871FD1 /* Frameworks */,
				E5C7E49F24F6A36A00871FD1 /* Resources */,
				A79A65AB011DC5970865D902 /* [CP] Embed Pods Frameworks */,
			);
			buildRules = (
			);
			dependencies = (
			);
			name = CoreStoreMonitorList;
			productName = CoreStoreMonitorList;
			productReference = E5C7E4A124F6A36A00871FD1 /* CoreStoreMonitorList.app */;
			productType = "com.apple.product-type.application";
		};
/* End PBXNativeTarget section */

/* Begin PBXProject section */
		E5C7E49924F6A36A00871FD1 /* Project object */ = {
			isa = PBXProject;
			attributes = {
				LastSwiftUpdateCheck = 1200;
				LastUpgradeCheck = 1200;
				TargetAttributes = {
					E5C7E4A024F6A36A00871FD1 = {
						CreatedOnToolsVersion = 12.0;
					};
				};
			};
			buildConfigurationList = E5C7E49C24F6A36A00871FD1 /* Build configuration list for PBXProject "CoreStoreMonitorList" */;
			compatibilityVersion = "Xcode 9.3";
			developmentRegion = en;
			hasScannedForEncodings = 0;
			knownRegions = (
				en,
				Base,
			);
			mainGroup = E5C7E49824F6A36A00871FD1;
			productRefGroup = E5C7E4A224F6A36A00871FD1 /* Products */;
			projectDirPath = "";
			projectRoot = "";
			targets = (
				E5C7E4A024F6A36A00871FD1 /* CoreStoreMonitorList */,
			);
		};
/* End PBXProject section */

/* Begin PBXResourcesBuildPhase section */
		E5C7E49F24F6A36A00871FD1 /* Resources */ = {
			isa = PBXResourcesBuildPhase;
			buildActionMask = 2147483647;
			files = (
				E5C7E4B324F6A36B00871FD1 /* LaunchScreen.storyboard in Resources */,
				E5C7E4B024F6A36B00871FD1 /* Assets.xcassets in Resources */,
				E5C7E4AC24F6A36A00871FD1 /* Main.storyboard in Resources */,
			);
			runOnlyForDeploymentPostprocessing = 0;
		};
/* End PBXResourcesBuildPhase section */

/* Begin PBXShellScriptBuildPhase section */
		79DC7AB966E4B09468D15CD4 /* [CP] Check Pods Manifest.lock */ = {
			isa = PBXShellScriptBuildPhase;
			buildActionMask = 2147483647;
			files = (
			);
			inputFileListPaths = (
			);
			inputPaths = (
				"${PODS_PODFILE_DIR_PATH}/Podfile.lock",
				"${PODS_ROOT}/Manifest.lock",
			);
			name = "[CP] Check Pods Manifest.lock";
			outputFileListPaths = (
			);
			outputPaths = (
				"$(DERIVED_FILE_DIR)/Pods-CoreStoreMonitorList-checkManifestLockResult.txt",
			);
			runOnlyForDeploymentPostprocessing = 0;
			shellPath = /bin/sh;
			shellScript = "diff \"${PODS_PODFILE_DIR_PATH}/Podfile.lock\" \"${PODS_ROOT}/Manifest.lock\" > /dev/null\nif [ $? != 0 ] ; then\n    # print error to STDERR\n    echo \"error: The sandbox is not in sync with the Podfile.lock. Run 'pod install' or update your CocoaPods installation.\" >&2\n    exit 1\nfi\n# This output is used by Xcode 'outputs' to avoid re-running this script phase.\necho \"SUCCESS\" > \"${SCRIPT_OUTPUT_FILE_0}\"\n";
			showEnvVarsInLog = 0;
		};
		A79A65AB011DC5970865D902 /* [CP] Embed Pods Frameworks */ = {
			isa = PBXShellScriptBuildPhase;
			buildActionMask = 2147483647;
			files = (
			);
			inputFileListPaths = (
				"${PODS_ROOT}/Target Support Files/Pods-CoreStoreMonitorList/Pods-CoreStoreMonitorList-frameworks-${CONFIGURATION}-input-files.xcfilelist",
			);
			name = "[CP] Embed Pods Frameworks";
			outputFileListPaths = (
				"${PODS_ROOT}/Target Support Files/Pods-CoreStoreMonitorList/Pods-CoreStoreMonitorList-frameworks-${CONFIGURATION}-output-files.xcfilelist",
			);
			runOnlyForDeploymentPostprocessing = 0;
			shellPath = /bin/sh;
			shellScript = "\"${PODS_ROOT}/Target Support Files/Pods-CoreStoreMonitorList/Pods-CoreStoreMonitorList-frameworks.sh\"\n";
			showEnvVarsInLog = 0;
		};
/* End PBXShellScriptBuildPhase section */

/* Begin PBXSourcesBuildPhase section */
		E5C7E49D24F6A36A00871FD1 /* Sources */ = {
			isa = PBXSourcesBuildPhase;
			buildActionMask = 2147483647;
			files = (
				E5C7E4A924F6A36A00871FD1 /* ViewController.swift in Sources */,
				E5C7E4A524F6A36A00871FD1 /* AppDelegate.swift in Sources */,
				E5C7E4BC24F6A3EF00871FD1 /* Model.xcdatamodeld in Sources */,
				E5C7E4AE24F6A36A00871FD1 /* ContentView.swift in Sources */,
				E5C7E4A724F6A36A00871FD1 /* SceneDelegate.swift in Sources */,
			);
			runOnlyForDeploymentPostprocessing = 0;
		};
/* End PBXSourcesBuildPhase section */

/* Begin PBXVariantGroup section */
		E5C7E4AA24F6A36A00871FD1 /* Main.storyboard */ = {
			isa = PBXVariantGroup;
			children = (
				E5C7E4AB24F6A36A00871FD1 /* Base */,
			);
			name = Main.storyboard;
			sourceTree = "<group>";
		};
		E5C7E4B124F6A36B00871FD1 /* LaunchScreen.storyboard */ = {
			isa = PBXVariantGroup;
			children = (
				E5C7E4B224F6A36B00871FD1 /* Base */,
			);
			name = LaunchScreen.storyboard;
			sourceTree = "<group>";
		};
/* End PBXVariantGroup section */

/* Begin XCBuildConfiguration section */
		E5C7E4B524F6A36B00871FD1 /* Debug */ = {
			isa = XCBuildConfiguration;
			buildSettings = {
				ALWAYS_SEARCH_USER_PATHS = NO;
				CLANG_ANALYZER_NONNULL = YES;
				CLANG_ANALYZER_NUMBER_OBJECT_CONVERSION = YES_AGGRESSIVE;
				CLANG_CXX_LANGUAGE_STANDARD = "gnu++14";
				CLANG_CXX_LIBRARY = "libc++";
				CLANG_ENABLE_MODULES = YES;
				CLANG_ENABLE_OBJC_ARC = YES;
				CLANG_ENABLE_OBJC_WEAK = YES;
				CLANG_WARN_BLOCK_CAPTURE_AUTORELEASING = YES;
				CLANG_WARN_BOOL_CONVERSION = YES;
				CLANG_WARN_COMMA = YES;
				CLANG_WARN_CONSTANT_CONVERSION = YES;
				CLANG_WARN_DEPRECATED_OBJC_IMPLEMENTATIONS = YES;
				CLANG_WARN_DIRECT_OBJC_ISA_USAGE = YES_ERROR;
				CLANG_WARN_DOCUMENTATION_COMMENTS = YES;
				CLANG_WARN_EMPTY_BODY = YES;
				CLANG_WARN_ENUM_CONVERSION = YES;
				CLANG_WARN_INFINITE_RECURSION = YES;
				CLANG_WARN_INT_CONVERSION = YES;
				CLANG_WARN_NON_LITERAL_NULL_CONVERSION = YES;
				CLANG_WARN_OBJC_IMPLICIT_RETAIN_SELF = YES;
				CLANG_WARN_OBJC_LITERAL_CONVERSION = YES;
				CLANG_WARN_OBJC_ROOT_CLASS = YES_ERROR;
				CLANG_WARN_QUOTED_INCLUDE_IN_FRAMEWORK_HEADER = YES;
				CLANG_WARN_RANGE_LOOP_ANALYSIS = YES;
				CLANG_WARN_STRICT_PROTOTYPES = YES;
				CLANG_WARN_SUSPICIOUS_MOVE = YES;
				CLANG_WARN_UNGUARDED_AVAILABILITY = YES_AGGRESSIVE;
				CLANG_WARN_UNREACHABLE_CODE = YES;
				CLANG_WARN__DUPLICATE_METHOD_MATCH = YES;
				COPY_PHASE_STRIP = NO;
				DEBUG_INFORMATION_FORMAT = dwarf;
				ENABLE_STRICT_OBJC_MSGSEND = YES;
				ENABLE_TESTABILITY = YES;
				GCC_C_LANGUAGE_STANDARD = gnu11;
				GCC_DYNAMIC_NO_PIC = NO;
				GCC_NO_COMMON_BLOCKS = YES;
				GCC_OPTIMIZATION_LEVEL = 0;
				GCC_PREPROCESSOR_DEFINITIONS = (
					"DEBUG=1",
					"$(inherited)",
				);
				GCC_WARN_64_TO_32_BIT_CONVERSION = YES;
				GCC_WARN_ABOUT_RETURN_TYPE = YES_ERROR;
				GCC_WARN_UNDECLARED_SELECTOR = YES;
				GCC_WARN_UNINITIALIZED_AUTOS = YES_AGGRESSIVE;
				GCC_WARN_UNUSED_FUNCTION = YES;
				GCC_WARN_UNUSED_VARIABLE = YES;
				IPHONEOS_DEPLOYMENT_TARGET = 14.0;
				MTL_ENABLE_DEBUG_INFO = INCLUDE_SOURCE;
				MTL_FAST_MATH = YES;
				ONLY_ACTIVE_ARCH = YES;
				SDKROOT = iphoneos;
				SWIFT_ACTIVE_COMPILATION_CONDITIONS = DEBUG;
				SWIFT_OPTIMIZATION_LEVEL = "-Onone";
			};
			name = Debug;
		};
		E5C7E4B624F6A36B00871FD1 /* Release */ = {
			isa = XCBuildConfiguration;
			buildSettings = {
				ALWAYS_SEARCH_USER_PATHS = NO;
				CLANG_ANALYZER_NONNULL = YES;
				CLANG_ANALYZER_NUMBER_OBJECT_CONVERSION = YES_AGGRESSIVE;
				CLANG_CXX_LANGUAGE_STANDARD = "gnu++14";
				CLANG_CXX_LIBRARY = "libc++";
				CLANG_ENABLE_MODULES = YES;
				CLANG_ENABLE_OBJC_ARC = YES;
				CLANG_ENABLE_OBJC_WEAK = YES;
				CLANG_WARN_BLOCK_CAPTURE_AUTORELEASING = YES;
				CLANG_WARN_BOOL_CONVERSION = YES;
				CLANG_WARN_COMMA = YES;
				CLANG_WARN_CONSTANT_CONVERSION = YES;
				CLANG_WARN_DEPRECATED_OBJC_IMPLEMENTATIONS = YES;
				CLANG_WARN_DIRECT_OBJC_ISA_USAGE = YES_ERROR;
				CLANG_WARN_DOCUMENTATION_COMMENTS = YES;
				CLANG_WARN_EMPTY_BODY = YES;
				CLANG_WARN_ENUM_CONVERSION = YES;
				CLANG_WARN_INFINITE_RECURSION = YES;
				CLANG_WARN_INT_CONVERSION = YES;
				CLANG_WARN_NON_LITERAL_NULL_CONVERSION = YES;
				CLANG_WARN_OBJC_IMPLICIT_RETAIN_SELF = YES;
				CLANG_WARN_OBJC_LITERAL_CONVERSION = YES;
				CLANG_WARN_OBJC_ROOT_CLASS = YES_ERROR;
				CLANG_WARN_QUOTED_INCLUDE_IN_FRAMEWORK_HEADER = YES;
				CLANG_WARN_RANGE_LOOP_ANALYSIS = YES;
				CLANG_WARN_STRICT_PROTOTYPES = YES;
				CLANG_WARN_SUSPICIOUS_MOVE = YES;
				CLANG_WARN_UNGUARDED_AVAILABILITY = YES_AGGRESSIVE;
				CLANG_WARN_UNREACHABLE_CODE = YES;
				CLANG_WARN__DUPLICATE_METHOD_MATCH = YES;
				COPY_PHASE_STRIP = NO;
				DEBUG_INFORMATION_FORMAT = "dwarf-with-dsym";
				ENABLE_NS_ASSERTIONS = NO;
				ENABLE_STRICT_OBJC_MSGSEND = YES;
				GCC_C_LANGUAGE_STANDARD = gnu11;
				GCC_NO_COMMON_BLOCKS = YES;
				GCC_WARN_64_TO_32_BIT_CONVERSION = YES;
				GCC_WARN_ABOUT_RETURN_TYPE = YES_ERROR;
				GCC_WARN_UNDECLARED_SELECTOR = YES;
				GCC_WARN_UNINITIALIZED_AUTOS = YES_AGGRESSIVE;
				GCC_WARN_UNUSED_FUNCTION = YES;
				GCC_WARN_UNUSED_VARIABLE = YES;
				IPHONEOS_DEPLOYMENT_TARGET = 14.0;
				MTL_ENABLE_DEBUG_INFO = NO;
				MTL_FAST_MATH = YES;
				SDKROOT = iphoneos;
				SWIFT_COMPILATION_MODE = wholemodule;
				SWIFT_OPTIMIZATION_LEVEL = "-O";
				VALIDATE_PRODUCT = YES;
			};
			name = Release;
		};
		E5C7E4B824F6A36B00871FD1 /* Debug */ = {
			isa = XCBuildConfiguration;
			baseConfigurationReference = 38297CF1D90A2D64A7716BA3 /* Pods-CoreStoreMonitorList.debug.xcconfig */;
			buildSettings = {
				ASSETCATALOG_COMPILER_APPICON_NAME = AppIcon;
				ASSETCATALOG_COMPILER_GLOBAL_ACCENT_COLOR_NAME = AccentColor;
				CODE_SIGN_STYLE = Automatic;
				DEVELOPMENT_TEAM = "";
				INFOPLIST_FILE = CoreStoreMonitorList/Info.plist;
				IPHONEOS_DEPLOYMENT_TARGET = 13.0;
				LD_RUNPATH_SEARCH_PATHS = (
					"$(inherited)",
					"@executable_path/Frameworks",
				);
				PRODUCT_BUNDLE_IDENTIFIER = com.example.CoreStoreMonitorList;
				PRODUCT_NAME = "$(TARGET_NAME)";
				SWIFT_VERSION = 5.0;
				TARGETED_DEVICE_FAMILY = "1,2";
			};
			name = Debug;
		};
		E5C7E4B924F6A36B00871FD1 /* Release */ = {
			isa = XCBuildConfiguration;
			baseConfigurationReference = 755803E71F84FDCD56C89D9D /* Pods-CoreStoreMonitorList.release.xcconfig */;
			buildSettings = {
				ASSETCATALOG_COMPILER_APPICON_NAME = AppIcon;
				ASSETCATALOG_COMPILER_GLOBAL_ACCENT_COLOR_NAME = AccentColor;
				CODE_SIGN_STYLE = Automatic;
				DEVELOPMENT_TEAM = "";
				INFOPLIST_FILE = CoreStoreMonitorList/Info.plist;
				IPHONEOS_DEPLOYMENT_TARGET = 13.0;
				LD_RUNPATH_SEARCH_PATHS = (
					"$(inherited)",
					"@executable_path/Frameworks",
				);
				PRODUCT_BUNDLE_IDENTIFIER = com.example.CoreStoreMonitorList;
				PRODUCT_NAME = "$(TARGET_NAME)";
				SWIFT_VERSION = 5.0;
				TARGETED_DEVICE_FAMILY = "1,2";
			};
			name = Release;
		};
/* End XCBuildConfiguration section */

/* Begin XCConfigurationList section */
		E5C7E49C24F6A36A00871FD1 /* Build configuration list for PBXProject "CoreStoreMonitorList" */ = {
			isa = XCConfigurationList;
			buildConfigurations = (
				E5C7E4B524F6A36B00871FD1 /* Debug */,
				E5C7E4B624F6A36B00871FD1 /* Release */,
			);
			defaultConfigurationIsVisible = 0;
			defaultConfigurationName = Release;
		};
		E5C7E4B724F6A36B00871FD1 /* Build configuration list for PBXNativeTarget "CoreStoreMonitorList" */ = {
			isa = XCConfigurationList;
			buildConfigurations = (
				E5C7E4B824F6A36B00871FD1 /* Debug */,
				E5C7E4B924F6A36B00871FD1 /* Release */,
			);
			defaultConfigurationIsVisible = 0;
			defaultConfigurationName = Release;
		};
/* End XCConfigurationList section */

/* Begin XCVersionGroup section */
		E5C7E4BA24F6A3EF00871FD1 /* Model.xcdatamodeld */ = {
			isa = XCVersionGroup;
			children = (
				E5C7E4BB24F6A3EF00871FD1 /* Model.xcdatamodel */,
			);
			currentVersion = E5C7E4BB24F6A3EF00871FD1 /* Model.xcdatamodel */;
			path = Model.xcdatamodeld;
			sourceTree = "<group>";
			versionGroupType = wrapper.xcdatamodel;
		};
/* End XCVersionGroup section */
	};
	rootObject = E5C7E49924F6A36A00871FD1 /* Project object */;
}
